{
  "version": 4,
  "terraform_version": "1.14.3",
  "serial": 36,
  "lineage": "99439711-3bae-db3e-9b23-9e83f66996d8",
  "outputs": {},
  "resources": [
    {
      "module": "module.application_gateway",
      "mode": "data",
      "type": "azurerm_network_interface",
      "name": "nic",
      "provider": "provider[\"registry.terraform.io/hashicorp/azurerm\"]",
      "instances": [
        {
          "index_key": "nic1",
          "schema_version": 0,
          "attributes": {
            "accelerated_networking_enabled": false,
            "applied_dns_servers": [],
            "dns_servers": [],
            "id": "/subscriptions/a60bfb4b-160f-44e7-979b-775bdd787c90/resourceGroups/hub-and-spoke-rg/providers/Microsoft.Network/networkInterfaces/frontnic",
            "internal_dns_name_label": "",
            "ip_configuration": [
              {
                "application_gateway_backend_address_pools_ids": [],
                "application_security_group_ids": [],
                "gateway_load_balancer_frontend_ip_configuration_id": "",
                "load_balancer_backend_address_pools_ids": [],
                "load_balancer_inbound_nat_rules_ids": [],
                "name": "internal",
                "primary": true,
                "private_ip_address": "10.1.1.4",
                "private_ip_address_allocation": "Dynamic",
                "private_ip_address_version": "IPv4",
                "public_ip_address_id": "",
                "subnet_id": "/subscriptions/a60bfb4b-160f-44e7-979b-775bdd787c90/resourceGroups/hub-and-spoke-rg/providers/Microsoft.Network/virtualNetworks/spokevnet1/subnets/frontendsubnet"
              }
            ],
            "ip_forwarding_enabled": false,
            "location": "eastus",
            "mac_address": "",
            "name": "frontnic",
            "network_security_group_id": "",
            "private_ip_address": "10.1.1.4",
            "private_ip_addresses": [
              "10.1.1.4"
            ],
            "resource_group_name": "hub-and-spoke-rg",
            "tags": {
              "environment": "dev",
              "owner": "mehar"
            },
            "timeouts": null,
            "virtual_machine_id": ""
          },
          "sensitive_attributes": [],
          "identity_schema_version": 0
        },
        {
          "index_key": "nic2",
          "schema_version": 0,
          "attributes": {
            "accelerated_networking_enabled": false,
            "applied_dns_servers": [],
            "dns_servers": [],
            "id": "/subscriptions/a60bfb4b-160f-44e7-979b-775bdd787c90/resourceGroups/hub-and-spoke-rg/providers/Microsoft.Network/networkInterfaces/backendnic",
            "internal_dns_name_label": "",
            "ip_configuration": [
              {
                "application_gateway_backend_address_pools_ids": [],
                "application_security_group_ids": [],
                "gateway_load_balancer_frontend_ip_configuration_id": "",
                "load_balancer_backend_address_pools_ids": [],
                "load_balancer_inbound_nat_rules_ids": [],
                "name": "internal",
                "primary": true,
                "private_ip_address": "10.1.2.4",
                "private_ip_address_allocation": "Dynamic",
                "private_ip_address_version": "IPv4",
                "public_ip_address_id": "",
                "subnet_id": "/subscriptions/a60bfb4b-160f-44e7-979b-775bdd787c90/resourceGroups/hub-and-spoke-rg/providers/Microsoft.Network/virtualNetworks/spokevnet1/subnets/backendsubnet"
              }
            ],
            "ip_forwarding_enabled": false,
            "location": "eastus",
            "mac_address": "",
            "name": "backendnic",
            "network_security_group_id": "",
            "private_ip_address": "10.1.2.4",
            "private_ip_addresses": [
              "10.1.2.4"
            ],
            "resource_group_name": "hub-and-spoke-rg",
            "tags": {},
            "timeouts": null,
            "virtual_machine_id": ""
          },
          "sensitive_attributes": [],
          "identity_schema_version": 0
        }
      ]
    },
    {
      "module": "module.application_gateway",
      "mode": "data",
      "type": "azurerm_public_ip",
      "name": "pip",
      "provider": "provider[\"registry.terraform.io/hashicorp/azurerm\"]",
      "instances": [
        {
          "index_key": "appgw1",
          "schema_version": 0,
          "attributes": {
            "allocation_method": "Static",
            "ddos_protection_mode": "VirtualNetworkInherited",
            "ddos_protection_plan_id": null,
            "domain_name_label": "",
            "fqdn": "",
            "id": "/subscriptions/a60bfb4b-160f-44e7-979b-775bdd787c90/resourceGroups/hub-and-spoke-rg/providers/Microsoft.Network/publicIPAddresses/App-gateway-pip",
            "idle_timeout_in_minutes": 4,
            "ip_address": "40.76.101.37",
            "ip_tags": {},
            "ip_version": "IPv4",
            "location": "eastus",
            "name": "App-gateway-pip",
            "resource_group_name": "hub-and-spoke-rg",
            "reverse_fqdn": "",
            "sku": "Standard",
            "tags": {},
            "timeouts": null,
            "zones": []
          },
          "sensitive_attributes": [],
          "identity_schema_version": 0
        }
      ]
    },
    {
      "module": "module.application_gateway",
      "mode": "data",
      "type": "azurerm_subnet",
      "name": "subnet",
      "provider": "provider[\"registry.terraform.io/hashicorp/azurerm\"]",
      "instances": [
        {
          "index_key": "appgw1",
          "schema_version": 0,
          "attributes": {
            "address_prefix": "10.0.3.0/24",
            "address_prefixes": [
              "10.0.3.0/24"
            ],
            "default_outbound_access_enabled": true,
            "id": "/subscriptions/a60bfb4b-160f-44e7-979b-775bdd787c90/resourceGroups/hub-and-spoke-rg/providers/Microsoft.Network/virtualNetworks/HubVnet/subnets/AppgatewaySubnet",
            "name": "AppgatewaySubnet",
            "network_security_group_id": "",
            "private_endpoint_network_policies": "Disabled",
            "private_link_service_network_policies_enabled": true,
            "resource_group_name": "hub-and-spoke-rg",
            "route_table_id": "",
            "service_endpoints": [],
            "timeouts": null,
            "virtual_network_name": "HubVnet"
          },
          "sensitive_attributes": [],
          "identity_schema_version": 0
        }
      ]
    },
    {
      "module": "module.application_gateway",
      "mode": "managed",
      "type": "azurerm_application_gateway",
      "name": "Appgate",
      "provider": "provider[\"registry.terraform.io/hashicorp/azurerm\"]",
      "instances": [
        {
          "index_key": "appgw1",
          "schema_version": 0,
          "attributes": {
            "authentication_certificate": [],
            "autoscale_configuration": [],
            "backend_address_pool": [
              {
                "fqdns": [],
                "id": "/subscriptions/a60bfb4b-160f-44e7-979b-775bdd787c90/resourceGroups/hub-and-spoke-rg/providers/Microsoft.Network/applicationGateways/mehar-appgateway/backendAddressPools/backend-pool",
                "ip_addresses": [],
                "name": "backend-pool"
              }
            ],
            "backend_http_settings": [
              {
                "affinity_cookie_name": "",
                "authentication_certificate": [],
                "connection_draining": [],
                "cookie_based_affinity": "Disabled",
                "host_name": "",
                "id": "/subscriptions/a60bfb4b-160f-44e7-979b-775bdd787c90/resourceGroups/hub-and-spoke-rg/providers/Microsoft.Network/applicationGateways/mehar-appgateway/backendHttpSettingsCollection/http-setting",
                "name": "http-setting",
                "path": "/",
                "pick_host_name_from_backend_address": false,
                "port": 80,
                "probe_id": "",
                "probe_name": "",
                "protocol": "Http",
                "request_timeout": 60,
                "trusted_root_certificate_names": []
              }
            ],
            "custom_error_configuration": [],
            "enable_http2": false,
            "fips_enabled": false,
            "firewall_policy_id": "",
            "force_firewall_policy_association": false,
            "frontend_ip_configuration": [
              {
                "id": "/subscriptions/a60bfb4b-160f-44e7-979b-775bdd787c90/resourceGroups/hub-and-spoke-rg/providers/Microsoft.Network/applicationGateways/mehar-appgateway/frontendIPConfigurations/frontend-ip",
                "name": "frontend-ip",
                "private_ip_address": "",
                "private_ip_address_allocation": "Dynamic",
                "private_link_configuration_id": "",
                "private_link_configuration_name": "",
                "public_ip_address_id": "/subscriptions/a60bfb4b-160f-44e7-979b-775bdd787c90/resourceGroups/hub-and-spoke-rg/providers/Microsoft.Network/publicIPAddresses/App-gateway-pip",
                "subnet_id": ""
              }
            ],
            "frontend_port": [
              {
                "id": "/subscriptions/a60bfb4b-160f-44e7-979b-775bdd787c90/resourceGroups/hub-and-spoke-rg/providers/Microsoft.Network/applicationGateways/mehar-appgateway/frontendPorts/frontend-port-80",
                "name": "frontend-port-80",
                "port": 80
              }
            ],
            "gateway_ip_configuration": [
              {
                "id": "/subscriptions/a60bfb4b-160f-44e7-979b-775bdd787c90/resourceGroups/hub-and-spoke-rg/providers/Microsoft.Network/applicationGateways/mehar-appgateway/gatewayIPConfigurations/my-gateway-ip-configuration",
                "name": "my-gateway-ip-configuration",
                "subnet_id": "/subscriptions/a60bfb4b-160f-44e7-979b-775bdd787c90/resourceGroups/hub-and-spoke-rg/providers/Microsoft.Network/virtualNetworks/HubVnet/subnets/AppgatewaySubnet"
              }
            ],
            "global": [],
            "http_listener": [
              {
                "custom_error_configuration": [],
                "firewall_policy_id": "",
                "frontend_ip_configuration_id": "/subscriptions/a60bfb4b-160f-44e7-979b-775bdd787c90/resourceGroups/hub-and-spoke-rg/providers/Microsoft.Network/applicationGateways/mehar-appgateway/frontendIPConfigurations/frontend-ip",
                "frontend_ip_configuration_name": "frontend-ip",
                "frontend_port_id": "/subscriptions/a60bfb4b-160f-44e7-979b-775bdd787c90/resourceGroups/hub-and-spoke-rg/providers/Microsoft.Network/applicationGateways/mehar-appgateway/frontendPorts/frontend-port-80",
                "frontend_port_name": "frontend-port-80",
                "host_name": "",
                "host_names": [],
                "id": "/subscriptions/a60bfb4b-160f-44e7-979b-775bdd787c90/resourceGroups/hub-and-spoke-rg/providers/Microsoft.Network/applicationGateways/mehar-appgateway/httpListeners/http-listener",
                "name": "http-listener",
                "protocol": "Http",
                "require_sni": false,
                "ssl_certificate_id": "",
                "ssl_certificate_name": "",
                "ssl_profile_id": "",
                "ssl_profile_name": ""
              }
            ],
            "id": "/subscriptions/a60bfb4b-160f-44e7-979b-775bdd787c90/resourceGroups/hub-and-spoke-rg/providers/Microsoft.Network/applicationGateways/mehar-appgateway",
            "identity": [],
            "location": "eastus",
            "name": "mehar-appgateway",
            "private_endpoint_connection": [],
            "private_link_configuration": [],
            "probe": [],
            "redirect_configuration": [],
            "request_routing_rule": [
              {
                "backend_address_pool_id": "/subscriptions/a60bfb4b-160f-44e7-979b-775bdd787c90/resourceGroups/hub-and-spoke-rg/providers/Microsoft.Network/applicationGateways/mehar-appgateway/backendAddressPools/backend-pool",
                "backend_address_pool_name": "backend-pool",
                "backend_http_settings_id": "/subscriptions/a60bfb4b-160f-44e7-979b-775bdd787c90/resourceGroups/hub-and-spoke-rg/providers/Microsoft.Network/applicationGateways/mehar-appgateway/backendHttpSettingsCollection/http-setting",
                "backend_http_settings_name": "http-setting",
                "http_listener_id": "/subscriptions/a60bfb4b-160f-44e7-979b-775bdd787c90/resourceGroups/hub-and-spoke-rg/providers/Microsoft.Network/applicationGateways/mehar-appgateway/httpListeners/http-listener",
                "http_listener_name": "http-listener",
                "id": "/subscriptions/a60bfb4b-160f-44e7-979b-775bdd787c90/resourceGroups/hub-and-spoke-rg/providers/Microsoft.Network/applicationGateways/mehar-appgateway/requestRoutingRules/routing-rule",
                "name": "routing-rule",
                "priority": 9,
                "redirect_configuration_id": "",
                "redirect_configuration_name": "",
                "rewrite_rule_set_id": "",
                "rewrite_rule_set_name": "",
                "rule_type": "Basic",
                "url_path_map_id": "",
                "url_path_map_name": ""
              }
            ],
            "resource_group_name": "hub-and-spoke-rg",
            "rewrite_rule_set": [],
            "sku": [
              {
                "capacity": 2,
                "name": "Standard_v2",
                "tier": "Standard_v2"
              }
            ],
            "ssl_certificate": [],
            "ssl_policy": [
              {
                "cipher_suites": [],
                "disabled_protocols": [],
                "min_protocol_version": "",
                "policy_name": "AppGwSslPolicy20220101",
                "policy_type": "Predefined"
              }
            ],
            "ssl_profile": [],
            "tags": null,
            "timeouts": null,
            "trusted_client_certificate": [],
            "trusted_root_certificate": [],
            "url_path_map": [],
            "waf_configuration": [],
            "zones": null
          },
          "sensitive_attributes": [],
          "identity_schema_version": 0,
          "private": "eyJlMmJmYjczMC1lY2FhLTExZTYtOGY4OC0zNDM2M2JjN2M0YzAiOnsiY3JlYXRlIjo1NDAwMDAwMDAwMDAwLCJkZWxldGUiOjU0MDAwMDAwMDAwMDAsInJlYWQiOjMwMDAwMDAwMDAwMCwidXBkYXRlIjo1NDAwMDAwMDAwMDAwfX0=",
          "dependencies": [
            "module.application_gateway.data.azurerm_public_ip.pip",
            "module.application_gateway.data.azurerm_subnet.subnet",
            "module.network_interface.azurerm_network_interface.nic",
            "module.network_interface.data.azurerm_subnet.subnet",
            "module.public_Ip.azurerm_public_ip.pip",
            "module.resource_group.azurerm_resource_group.rg",
            "module.subnet.azurerm_subnet.subnet",
            "module.virtual_network.azurerm_virtual_network.vnet"
          ]
        }
      ]
    },
    {
      "module": "module.application_gateway",
      "mode": "managed",
      "type": "azurerm_network_interface_application_gateway_backend_address_pool_association",
      "name": "vm_backend",
      "provider": "provider[\"registry.terraform.io/hashicorp/azurerm\"]",
      "instances": []
    },
    {
      "module": "module.azure_bation",
      "mode": "data",
      "type": "azurerm_public_ip",
      "name": "pip",
      "provider": "provider[\"registry.terraform.io/hashicorp/azurerm\"]",
      "instances": [
        {
          "index_key": "bastion1",
          "schema_version": 0,
          "attributes": {
            "allocation_method": "Static",
            "ddos_protection_mode": "VirtualNetworkInherited",
            "ddos_protection_plan_id": null,
            "domain_name_label": "",
            "fqdn": "",
            "id": "/subscriptions/a60bfb4b-160f-44e7-979b-775bdd787c90/resourceGroups/hub-and-spoke-rg/providers/Microsoft.Network/publicIPAddresses/bastion-pip",
            "idle_timeout_in_minutes": 4,
            "ip_address": "52.188.204.128",
            "ip_tags": {},
            "ip_version": "IPv4",
            "location": "eastus",
            "name": "bastion-pip",
            "resource_group_name": "hub-and-spoke-rg",
            "reverse_fqdn": "",
            "sku": "Standard",
            "tags": {},
            "timeouts": null,
            "zones": []
          },
          "sensitive_attributes": [],
          "identity_schema_version": 0
        }
      ]
    },
    {
      "module": "module.azure_bation",
      "mode": "managed",
      "type": "azurerm_bastion_host",
      "name": "bastion",
      "provider": "provider[\"registry.terraform.io/hashicorp/azurerm\"]",
      "instances": [
        {
          "index_key": "bastion1",
          "schema_version": 0,
          "attributes": {
            "copy_paste_enabled": true,
            "dns_name": "bst-5da0c47b-34a9-4431-81f6-7746cd29b357.bastion.azure.com",
            "file_copy_enabled": false,
            "id": "/subscriptions/a60bfb4b-160f-44e7-979b-775bdd787c90/resourceGroups/hub-and-spoke-rg/providers/Microsoft.Network/bastionHosts/azure-bastion",
            "ip_configuration": [
              {
                "name": "configuration",
                "public_ip_address_id": "/subscriptions/a60bfb4b-160f-44e7-979b-775bdd787c90/resourceGroups/hub-and-spoke-rg/providers/Microsoft.Network/publicIPAddresses/bastion-pip",
                "subnet_id": "/subscriptions/a60bfb4b-160f-44e7-979b-775bdd787c90/resourceGroups/hub-and-spoke-rg/providers/Microsoft.Network/virtualNetworks/HubVnet/subnets/AzureBastionSubnet"
              }
            ],
            "ip_connect_enabled": false,
            "kerberos_enabled": false,
            "location": "eastus",
            "name": "azure-bastion",
            "resource_group_name": "hub-and-spoke-rg",
            "scale_units": 2,
            "session_recording_enabled": false,
            "shareable_link_enabled": false,
            "sku": "Basic",
            "tags": null,
            "timeouts": null,
            "tunneling_enabled": false,
            "virtual_network_id": "",
            "zones": null
          },
          "sensitive_attributes": [],
          "identity_schema_version": 0,
          "private": "eyJlMmJmYjczMC1lY2FhLTExZTYtOGY4OC0zNDM2M2JjN2M0YzAiOnsiY3JlYXRlIjoxODAwMDAwMDAwMDAwLCJkZWxldGUiOjE4MDAwMDAwMDAwMDAsInJlYWQiOjMwMDAwMDAwMDAwMCwidXBkYXRlIjoxODAwMDAwMDAwMDAwfX0=",
          "dependencies": [
            "module.azure_bation.azurerm_subnet.bastion_subnet",
            "module.azure_bation.data.azurerm_public_ip.pip",
            "module.public_Ip.azurerm_public_ip.pip",
            "module.resource_group.azurerm_resource_group.rg",
            "module.subnet.azurerm_subnet.subnet",
            "module.virtual_network.azurerm_virtual_network.vnet"
          ]
        }
      ]
    },
    {
      "module": "module.azure_bation",
      "mode": "managed",
      "type": "azurerm_subnet",
      "name": "bastion_subnet",
      "provider": "provider[\"registry.terraform.io/hashicorp/azurerm\"]",
      "instances": [
        {
          "index_key": "bastion1",
          "schema_version": 0,
          "attributes": {
            "address_prefixes": [
              "10.0.2.0/26"
            ],
            "default_outbound_access_enabled": true,
            "delegation": [],
            "id": "/subscriptions/a60bfb4b-160f-44e7-979b-775bdd787c90/resourceGroups/hub-and-spoke-rg/providers/Microsoft.Network/virtualNetworks/HubVnet/subnets/AzureBastionSubnet",
            "name": "AzureBastionSubnet",
            "private_endpoint_network_policies": "Disabled",
            "private_link_service_network_policies_enabled": true,
            "resource_group_name": "hub-and-spoke-rg",
            "service_endpoint_policy_ids": null,
            "service_endpoints": null,
            "timeouts": null,
            "virtual_network_name": "HubVnet"
          },
          "sensitive_attributes": [],
          "identity_schema_version": 0,
          "private": "eyJlMmJmYjczMC1lY2FhLTExZTYtOGY4OC0zNDM2M2JjN2M0YzAiOnsiY3JlYXRlIjoxODAwMDAwMDAwMDAwLCJkZWxldGUiOjE4MDAwMDAwMDAwMDAsInJlYWQiOjMwMDAwMDAwMDAwMCwidXBkYXRlIjoxODAwMDAwMDAwMDAwfX0=",
          "dependencies": [
            "module.public_Ip.azurerm_public_ip.pip",
            "module.resource_group.azurerm_resource_group.rg",
            "module.subnet.azurerm_subnet.subnet",
            "module.virtual_network.azurerm_virtual_network.vnet"
          ]
        }
      ]
    },
    {
      "module": "module.network_interface",
      "mode": "data",
      "type": "azurerm_subnet",
      "name": "subnet",
      "provider": "provider[\"registry.terraform.io/hashicorp/azurerm\"]",
      "instances": [
        {
          "index_key": "nic1",
          "schema_version": 0,
          "attributes": {
            "address_prefix": "10.1.1.0/24",
            "address_prefixes": [
              "10.1.1.0/24"
            ],
            "default_outbound_access_enabled": true,
            "id": "/subscriptions/a60bfb4b-160f-44e7-979b-775bdd787c90/resourceGroups/hub-and-spoke-rg/providers/Microsoft.Network/virtualNetworks/spokevnet1/subnets/frontendsubnet",
            "name": "frontendsubnet",
            "network_security_group_id": "",
            "private_endpoint_network_policies": "Disabled",
            "private_link_service_network_policies_enabled": true,
            "resource_group_name": "hub-and-spoke-rg",
            "route_table_id": "",
            "service_endpoints": [],
            "timeouts": null,
            "virtual_network_name": "spokevnet1"
          },
          "sensitive_attributes": [],
          "identity_schema_version": 0
        },
        {
          "index_key": "nic2",
          "schema_version": 0,
          "attributes": {
            "address_prefix": "10.1.2.0/24",
            "address_prefixes": [
              "10.1.2.0/24"
            ],
            "default_outbound_access_enabled": true,
            "id": "/subscriptions/a60bfb4b-160f-44e7-979b-775bdd787c90/resourceGroups/hub-and-spoke-rg/providers/Microsoft.Network/virtualNetworks/spokevnet1/subnets/backendsubnet",
            "name": "backendsubnet",
            "network_security_group_id": "",
            "private_endpoint_network_policies": "Disabled",
            "private_link_service_network_policies_enabled": true,
            "resource_group_name": "hub-and-spoke-rg",
            "route_table_id": "",
            "service_endpoints": [],
            "timeouts": null,
            "virtual_network_name": "spokevnet1"
          },
          "sensitive_attributes": [],
          "identity_schema_version": 0
        }
      ]
    },
    {
      "module": "module.network_interface",
      "mode": "managed",
      "type": "azurerm_network_interface",
      "name": "nic",
      "provider": "provider[\"registry.terraform.io/hashicorp/azurerm\"]",
      "instances": [
        {
          "index_key": "nic1",
          "schema_version": 0,
          "attributes": {
            "accelerated_networking_enabled": false,
            "applied_dns_servers": [],
            "auxiliary_mode": "",
            "auxiliary_sku": "",
            "dns_servers": null,
            "edge_zone": "",
            "id": "/subscriptions/a60bfb4b-160f-44e7-979b-775bdd787c90/resourceGroups/hub-and-spoke-rg/providers/Microsoft.Network/networkInterfaces/frontnic",
            "internal_dns_name_label": "",
            "internal_domain_name_suffix": "sb0loi4pdkrefhylwx21onpfzc.bx.internal.cloudapp.net",
            "ip_configuration": [
              {
                "gateway_load_balancer_frontend_ip_configuration_id": "",
                "name": "internal",
                "primary": true,
                "private_ip_address": "10.1.1.4",
                "private_ip_address_allocation": "Dynamic",
                "private_ip_address_version": "IPv4",
                "public_ip_address_id": "",
                "subnet_id": "/subscriptions/a60bfb4b-160f-44e7-979b-775bdd787c90/resourceGroups/hub-and-spoke-rg/providers/Microsoft.Network/virtualNetworks/spokevnet1/subnets/frontendsubnet"
              }
            ],
            "ip_forwarding_enabled": false,
            "location": "eastus",
            "mac_address": "",
            "name": "frontnic",
            "private_ip_address": "10.1.1.4",
            "private_ip_addresses": [
              "10.1.1.4"
            ],
            "resource_group_name": "hub-and-spoke-rg",
            "tags": {
              "environment": "dev",
              "owner": "mehar"
            },
            "timeouts": null,
            "virtual_machine_id": ""
          },
          "sensitive_attributes": [],
          "identity_schema_version": 0,
          "private": "eyJlMmJmYjczMC1lY2FhLTExZTYtOGY4OC0zNDM2M2JjN2M0YzAiOnsiY3JlYXRlIjoxODAwMDAwMDAwMDAwLCJkZWxldGUiOjE4MDAwMDAwMDAwMDAsInJlYWQiOjMwMDAwMDAwMDAwMCwidXBkYXRlIjoxODAwMDAwMDAwMDAwfX0=",
          "dependencies": [
            "module.network_interface.data.azurerm_subnet.subnet",
            "module.resource_group.azurerm_resource_group.rg",
            "module.subnet.azurerm_subnet.subnet",
            "module.virtual_network.azurerm_virtual_network.vnet"
          ]
        },
        {
          "index_key": "nic2",
          "schema_version": 0,
          "attributes": {
            "accelerated_networking_enabled": false,
            "applied_dns_servers": [],
            "auxiliary_mode": "",
            "auxiliary_sku": "",
            "dns_servers": null,
            "edge_zone": "",
            "id": "/subscriptions/a60bfb4b-160f-44e7-979b-775bdd787c90/resourceGroups/hub-and-spoke-rg/providers/Microsoft.Network/networkInterfaces/backendnic",
            "internal_dns_name_label": "",
            "internal_domain_name_suffix": "sb0loi4pdkrefhylwx21onpfzc.bx.internal.cloudapp.net",
            "ip_configuration": [
              {
                "gateway_load_balancer_frontend_ip_configuration_id": "",
                "name": "internal",
                "primary": true,
                "private_ip_address": "10.1.2.4",
                "private_ip_address_allocation": "Dynamic",
                "private_ip_address_version": "IPv4",
                "public_ip_address_id": "",
                "subnet_id": "/subscriptions/a60bfb4b-160f-44e7-979b-775bdd787c90/resourceGroups/hub-and-spoke-rg/providers/Microsoft.Network/virtualNetworks/spokevnet1/subnets/backendsubnet"
              }
            ],
            "ip_forwarding_enabled": false,
            "location": "eastus",
            "mac_address": "",
            "name": "backendnic",
            "private_ip_address": "10.1.2.4",
            "private_ip_addresses": [
              "10.1.2.4"
            ],
            "resource_group_name": "hub-and-spoke-rg",
            "tags": null,
            "timeouts": null,
            "virtual_machine_id": ""
          },
          "sensitive_attributes": [],
          "identity_schema_version": 0,
          "private": "eyJlMmJmYjczMC1lY2FhLTExZTYtOGY4OC0zNDM2M2JjN2M0YzAiOnsiY3JlYXRlIjoxODAwMDAwMDAwMDAwLCJkZWxldGUiOjE4MDAwMDAwMDAwMDAsInJlYWQiOjMwMDAwMDAwMDAwMCwidXBkYXRlIjoxODAwMDAwMDAwMDAwfX0=",
          "dependencies": [
            "module.network_interface.data.azurerm_subnet.subnet",
            "module.resource_group.azurerm_resource_group.rg",
            "module.subnet.azurerm_subnet.subnet",
            "module.virtual_network.azurerm_virtual_network.vnet"
          ]
        }
      ]
    },
    {
      "module": "module.network_security_group",
      "mode": "data",
      "type": "azurerm_network_interface",
      "name": "nic",
      "provider": "provider[\"registry.terraform.io/hashicorp/azurerm\"]",
      "instances": [
        {
          "index_key": "nic1",
          "schema_version": 0,
          "attributes": {
            "accelerated_networking_enabled": false,
            "applied_dns_servers": [],
            "dns_servers": [],
            "id": "/subscriptions/a60bfb4b-160f-44e7-979b-775bdd787c90/resourceGroups/hub-and-spoke-rg/providers/Microsoft.Network/networkInterfaces/frontnic",
            "internal_dns_name_label": "",
            "ip_configuration": [
              {
                "application_gateway_backend_address_pools_ids": [],
                "application_security_group_ids": [],
                "gateway_load_balancer_frontend_ip_configuration_id": "",
                "load_balancer_backend_address_pools_ids": [],
                "load_balancer_inbound_nat_rules_ids": [],
                "name": "internal",
                "primary": true,
                "private_ip_address": "10.1.1.4",
                "private_ip_address_allocation": "Dynamic",
                "private_ip_address_version": "IPv4",
                "public_ip_address_id": "",
                "subnet_id": "/subscriptions/a60bfb4b-160f-44e7-979b-775bdd787c90/resourceGroups/hub-and-spoke-rg/providers/Microsoft.Network/virtualNetworks/spokevnet1/subnets/frontendsubnet"
              }
            ],
            "ip_forwarding_enabled": false,
            "location": "eastus",
            "mac_address": "",
            "name": "frontnic",
            "network_security_group_id": "",
            "private_ip_address": "10.1.1.4",
            "private_ip_addresses": [
              "10.1.1.4"
            ],
            "resource_group_name": "hub-and-spoke-rg",
            "tags": {
              "environment": "dev",
              "owner": "mehar"
            },
            "timeouts": null,
            "virtual_machine_id": ""
          },
          "sensitive_attributes": [],
          "identity_schema_version": 0
        },
        {
          "index_key": "nic2",
          "schema_version": 0,
          "attributes": {
            "accelerated_networking_enabled": false,
            "applied_dns_servers": [],
            "dns_servers": [],
            "id": "/subscriptions/a60bfb4b-160f-44e7-979b-775bdd787c90/resourceGroups/hub-and-spoke-rg/providers/Microsoft.Network/networkInterfaces/backendnic",
            "internal_dns_name_label": "",
            "ip_configuration": [
              {
                "application_gateway_backend_address_pools_ids": [],
                "application_security_group_ids": [],
                "gateway_load_balancer_frontend_ip_configuration_id": "",
                "load_balancer_backend_address_pools_ids": [],
                "load_balancer_inbound_nat_rules_ids": [],
                "name": "internal",
                "primary": true,
                "private_ip_address": "10.1.2.4",
                "private_ip_address_allocation": "Dynamic",
                "private_ip_address_version": "IPv4",
                "public_ip_address_id": "",
                "subnet_id": "/subscriptions/a60bfb4b-160f-44e7-979b-775bdd787c90/resourceGroups/hub-and-spoke-rg/providers/Microsoft.Network/virtualNetworks/spokevnet1/subnets/backendsubnet"
              }
            ],
            "ip_forwarding_enabled": false,
            "location": "eastus",
            "mac_address": "",
            "name": "backendnic",
            "network_security_group_id": "",
            "private_ip_address": "10.1.2.4",
            "private_ip_addresses": [
              "10.1.2.4"
            ],
            "resource_group_name": "hub-and-spoke-rg",
            "tags": {},
            "timeouts": null,
            "virtual_machine_id": ""
          },
          "sensitive_attributes": [],
          "identity_schema_version": 0
        }
      ]
    },
    {
      "module": "module.network_security_group",
      "mode": "managed",
      "type": "azurerm_network_interface_security_group_association",
      "name": "nic_assoc",
      "provider": "provider[\"registry.terraform.io/hashicorp/azurerm\"]",
      "instances": [
        {
          "index_key": "nic1",
          "schema_version": 0,
          "attributes": {
            "id": "/subscriptions/a60bfb4b-160f-44e7-979b-775bdd787c90/resourceGroups/hub-and-spoke-rg/providers/Microsoft.Network/networkInterfaces/frontnic|/subscriptions/a60bfb4b-160f-44e7-979b-775bdd787c90/resourceGroups/hub-and-spoke-rg/providers/Microsoft.Network/networkSecurityGroups/front-nsg",
            "network_interface_id": "/subscriptions/a60bfb4b-160f-44e7-979b-775bdd787c90/resourceGroups/hub-and-spoke-rg/providers/Microsoft.Network/networkInterfaces/frontnic",
            "network_security_group_id": "/subscriptions/a60bfb4b-160f-44e7-979b-775bdd787c90/resourceGroups/hub-and-spoke-rg/providers/Microsoft.Network/networkSecurityGroups/front-nsg",
            "timeouts": null
          },
          "sensitive_attributes": [],
          "identity_schema_version": 0,
          "private": "eyJlMmJmYjczMC1lY2FhLTExZTYtOGY4OC0zNDM2M2JjN2M0YzAiOnsiY3JlYXRlIjoxODAwMDAwMDAwMDAwLCJkZWxldGUiOjE4MDAwMDAwMDAwMDAsInJlYWQiOjMwMDAwMDAwMDAwMH19",
          "dependencies": [
            "module.network_interface.azurerm_network_interface.nic",
            "module.network_interface.data.azurerm_subnet.subnet",
            "module.network_security_group.azurerm_network_security_group.nsg",
            "module.network_security_group.data.azurerm_network_interface.nic",
            "module.resource_group.azurerm_resource_group.rg",
            "module.subnet.azurerm_subnet.subnet",
            "module.virtual_network.azurerm_virtual_network.vnet"
          ]
        },
        {
          "index_key": "nic2",
          "schema_version": 0,
          "attributes": {
            "id": "/subscriptions/a60bfb4b-160f-44e7-979b-775bdd787c90/resourceGroups/hub-and-spoke-rg/providers/Microsoft.Network/networkInterfaces/backendnic|/subscriptions/a60bfb4b-160f-44e7-979b-775bdd787c90/resourceGroups/hub-and-spoke-rg/providers/Microsoft.Network/networkSecurityGroups/front-nsg",
            "network_interface_id": "/subscriptions/a60bfb4b-160f-44e7-979b-775bdd787c90/resourceGroups/hub-and-spoke-rg/providers/Microsoft.Network/networkInterfaces/backendnic",
            "network_security_group_id": "/subscriptions/a60bfb4b-160f-44e7-979b-775bdd787c90/resourceGroups/hub-and-spoke-rg/providers/Microsoft.Network/networkSecurityGroups/front-nsg",
            "timeouts": null
          },
          "sensitive_attributes": [],
          "identity_schema_version": 0,
          "private": "eyJlMmJmYjczMC1lY2FhLTExZTYtOGY4OC0zNDM2M2JjN2M0YzAiOnsiY3JlYXRlIjoxODAwMDAwMDAwMDAwLCJkZWxldGUiOjE4MDAwMDAwMDAwMDAsInJlYWQiOjMwMDAwMDAwMDAwMH19",
          "dependencies": [
            "module.network_interface.azurerm_network_interface.nic",
            "module.network_interface.data.azurerm_subnet.subnet",
            "module.network_security_group.azurerm_network_security_group.nsg",
            "module.network_security_group.data.azurerm_network_interface.nic",
            "module.resource_group.azurerm_resource_group.rg",
            "module.subnet.azurerm_subnet.subnet",
            "module.virtual_network.azurerm_virtual_network.vnet"
          ]
        }
      ]
    },
    {
      "module": "module.network_security_group",
      "mode": "managed",
      "type": "azurerm_network_security_group",
      "name": "nsg",
      "provider": "provider[\"registry.terraform.io/hashicorp/azurerm\"]",
      "instances": [
        {
          "index_key": "nsg1",
          "schema_version": 0,
          "attributes": {
            "id": "/subscriptions/a60bfb4b-160f-44e7-979b-775bdd787c90/resourceGroups/hub-and-spoke-rg/providers/Microsoft.Network/networkSecurityGroups/front-nsg",
            "location": "eastus",
            "name": "front-nsg",
            "resource_group_name": "hub-and-spoke-rg",
            "security_rule": [
              {
                "access": "Allow",
                "description": "",
                "destination_address_prefix": "*",
                "destination_address_prefixes": [],
                "destination_application_security_group_ids": [],
                "destination_port_range": "80",
                "destination_port_ranges": [],
                "direction": "Inbound",
                "name": "allow-http",
                "priority": 100,
                "protocol": "Tcp",
                "source_address_prefix": "*",
                "source_address_prefixes": [],
                "source_application_security_group_ids": [],
                "source_port_range": "*",
                "source_port_ranges": []
              }
            ],
            "tags": null,
            "timeouts": null
          },
          "sensitive_attributes": [],
          "identity_schema_version": 0,
          "private": "eyJlMmJmYjczMC1lY2FhLTExZTYtOGY4OC0zNDM2M2JjN2M0YzAiOnsiY3JlYXRlIjoxODAwMDAwMDAwMDAwLCJkZWxldGUiOjE4MDAwMDAwMDAwMDAsInJlYWQiOjMwMDAwMDAwMDAwMCwidXBkYXRlIjoxODAwMDAwMDAwMDAwfX0=",
          "dependencies": [
            "module.network_interface.azurerm_network_interface.nic",
            "module.network_interface.data.azurerm_subnet.subnet",
            "module.resource_group.azurerm_resource_group.rg",
            "module.subnet.azurerm_subnet.subnet",
            "module.virtual_network.azurerm_virtual_network.vnet"
          ]
        },
        {
          "index_key": "nsg2",
          "schema_version": 0,
          "attributes": {
            "id": "/subscriptions/a60bfb4b-160f-44e7-979b-775bdd787c90/resourceGroups/hub-and-spoke-rg/providers/Microsoft.Network/networkSecurityGroups/backend-nsg",
            "location": "eastus",
            "name": "backend-nsg",
            "resource_group_name": "hub-and-spoke-rg",
            "security_rule": [
              {
                "access": "Allow",
                "description": "",
                "destination_address_prefix": "*",
                "destination_address_prefixes": [],
                "destination_application_security_group_ids": [],
                "destination_port_range": "80",
                "destination_port_ranges": [],
                "direction": "Inbound",
                "name": "allow-sql",
                "priority": 101,
                "protocol": "Tcp",
                "source_address_prefix": "*",
                "source_address_prefixes": [],
                "source_application_security_group_ids": [],
                "source_port_range": "*",
                "source_port_ranges": []
              }
            ],
            "tags": null,
            "timeouts": null
          },
          "sensitive_attributes": [],
          "identity_schema_version": 0,
          "private": "eyJlMmJmYjczMC1lY2FhLTExZTYtOGY4OC0zNDM2M2JjN2M0YzAiOnsiY3JlYXRlIjoxODAwMDAwMDAwMDAwLCJkZWxldGUiOjE4MDAwMDAwMDAwMDAsInJlYWQiOjMwMDAwMDAwMDAwMCwidXBkYXRlIjoxODAwMDAwMDAwMDAwfX0=",
          "dependencies": [
            "module.network_interface.azurerm_network_interface.nic",
            "module.network_interface.data.azurerm_subnet.subnet",
            "module.resource_group.azurerm_resource_group.rg",
            "module.subnet.azurerm_subnet.subnet",
            "module.virtual_network.azurerm_virtual_network.vnet"
          ]
        }
      ]
    },
    {
      "module": "module.public_Ip",
      "mode": "managed",
      "type": "azurerm_public_ip",
      "name": "pip",
      "provider": "provider[\"registry.terraform.io/hashicorp/azurerm\"]",
      "instances": [
        {
          "index_key": "appgateway",
          "schema_version": 0,
          "attributes": {
            "allocation_method": "Static",
            "ddos_protection_mode": "VirtualNetworkInherited",
            "ddos_protection_plan_id": null,
            "domain_name_label": null,
            "domain_name_label_scope": null,
            "edge_zone": "",
            "fqdn": null,
            "id": "/subscriptions/a60bfb4b-160f-44e7-979b-775bdd787c90/resourceGroups/hub-and-spoke-rg/providers/Microsoft.Network/publicIPAddresses/App-gateway-pip",
            "idle_timeout_in_minutes": 4,
            "ip_address": "40.76.101.37",
            "ip_tags": null,
            "ip_version": "IPv4",
            "location": "eastus",
            "name": "App-gateway-pip",
            "public_ip_prefix_id": null,
            "resource_group_name": "hub-and-spoke-rg",
            "reverse_fqdn": null,
            "sku": "Standard",
            "sku_tier": "Regional",
            "tags": null,
            "timeouts": null,
            "zones": null
          },
          "sensitive_attributes": [],
          "identity_schema_version": 0,
          "private": "eyJlMmJmYjczMC1lY2FhLTExZTYtOGY4OC0zNDM2M2JjN2M0YzAiOnsiY3JlYXRlIjoxODAwMDAwMDAwMDAwLCJkZWxldGUiOjE4MDAwMDAwMDAwMDAsInJlYWQiOjMwMDAwMDAwMDAwMCwidXBkYXRlIjoxODAwMDAwMDAwMDAwfX0=",
          "dependencies": [
            "module.resource_group.azurerm_resource_group.rg",
            "module.subnet.azurerm_subnet.subnet",
            "module.virtual_network.azurerm_virtual_network.vnet"
          ]
        },
        {
          "index_key": "bastion_pip",
          "schema_version": 0,
          "attributes": {
            "allocation_method": "Static",
            "ddos_protection_mode": "VirtualNetworkInherited",
            "ddos_protection_plan_id": null,
            "domain_name_label": null,
            "domain_name_label_scope": null,
            "edge_zone": "",
            "fqdn": null,
            "id": "/subscriptions/a60bfb4b-160f-44e7-979b-775bdd787c90/resourceGroups/hub-and-spoke-rg/providers/Microsoft.Network/publicIPAddresses/bastion-pip",
            "idle_timeout_in_minutes": 4,
            "ip_address": "52.188.204.128",
            "ip_tags": null,
            "ip_version": "IPv4",
            "location": "eastus",
            "name": "bastion-pip",
            "public_ip_prefix_id": null,
            "resource_group_name": "hub-and-spoke-rg",
            "reverse_fqdn": null,
            "sku": "Standard",
            "sku_tier": "Regional",
            "tags": null,
            "timeouts": null,
            "zones": null
          },
          "sensitive_attributes": [],
          "identity_schema_version": 0,
          "private": "eyJlMmJmYjczMC1lY2FhLTExZTYtOGY4OC0zNDM2M2JjN2M0YzAiOnsiY3JlYXRlIjoxODAwMDAwMDAwMDAwLCJkZWxldGUiOjE4MDAwMDAwMDAwMDAsInJlYWQiOjMwMDAwMDAwMDAwMCwidXBkYXRlIjoxODAwMDAwMDAwMDAwfX0=",
          "dependencies": [
            "module.resource_group.azurerm_resource_group.rg",
            "module.subnet.azurerm_subnet.subnet",
            "module.virtual_network.azurerm_virtual_network.vnet"
          ]
        }
      ]
    },
    {
      "module": "module.resource_group",
      "mode": "managed",
      "type": "azurerm_resource_group",
      "name": "rg",
      "provider": "provider[\"registry.terraform.io/hashicorp/azurerm\"]",
      "instances": [
        {
          "index_key": "rg1",
          "schema_version": 0,
          "attributes": {
            "id": "/subscriptions/a60bfb4b-160f-44e7-979b-775bdd787c90/resourceGroups/hub-and-spoke-rg",
            "location": "eastus",
            "managed_by": "azurerm_user_assigned_identity.test",
            "name": "hub-and-spoke-rg",
            "tags": null,
            "timeouts": null
          },
          "sensitive_attributes": [],
          "identity_schema_version": 0,
          "private": "eyJlMmJmYjczMC1lY2FhLTExZTYtOGY4OC0zNDM2M2JjN2M0YzAiOnsiY3JlYXRlIjo1NDAwMDAwMDAwMDAwLCJkZWxldGUiOjU0MDAwMDAwMDAwMDAsInJlYWQiOjMwMDAwMDAwMDAwMCwidXBkYXRlIjo1NDAwMDAwMDAwMDAwfX0="
        }
      ]
    },
    {
      "module": "module.subnet",
      "mode": "managed",
      "type": "azurerm_subnet",
      "name": "subnet",
      "provider": "provider[\"registry.terraform.io/hashicorp/azurerm\"]",
      "instances": [
        {
          "index_key": "aplicationgtw",
          "schema_version": 0,
          "attributes": {
            "address_prefixes": [
              "10.0.3.0/24"
            ],
            "default_outbound_access_enabled": true,
            "delegation": [],
            "id": "/subscriptions/a60bfb4b-160f-44e7-979b-775bdd787c90/resourceGroups/hub-and-spoke-rg/providers/Microsoft.Network/virtualNetworks/HubVnet/subnets/AppgatewaySubnet",
            "name": "AppgatewaySubnet",
            "private_endpoint_network_policies": "Disabled",
            "private_link_service_network_policies_enabled": true,
            "resource_group_name": "hub-and-spoke-rg",
            "service_endpoint_policy_ids": null,
            "service_endpoints": null,
            "timeouts": null,
            "virtual_network_name": "HubVnet"
          },
          "sensitive_attributes": [],
          "identity_schema_version": 0,
          "private": "eyJlMmJmYjczMC1lY2FhLTExZTYtOGY4OC0zNDM2M2JjN2M0YzAiOnsiY3JlYXRlIjoxODAwMDAwMDAwMDAwLCJkZWxldGUiOjE4MDAwMDAwMDAwMDAsInJlYWQiOjMwMDAwMDAwMDAwMCwidXBkYXRlIjoxODAwMDAwMDAwMDAwfX0=",
          "dependencies": [
            "module.resource_group.azurerm_resource_group.rg",
            "module.virtual_network.azurerm_virtual_network.vnet"
          ]
        },
        {
          "index_key": "backendsubnet",
          "schema_version": 0,
          "attributes": {
            "address_prefixes": [
              "10.1.2.0/24"
            ],
            "default_outbound_access_enabled": true,
            "delegation": [],
            "id": "/subscriptions/a60bfb4b-160f-44e7-979b-775bdd787c90/resourceGroups/hub-and-spoke-rg/providers/Microsoft.Network/virtualNetworks/spokevnet1/subnets/backendsubnet",
            "name": "backendsubnet",
            "private_endpoint_network_policies": "Disabled",
            "private_link_service_network_policies_enabled": true,
            "resource_group_name": "hub-and-spoke-rg",
            "service_endpoint_policy_ids": null,
            "service_endpoints": null,
            "timeouts": null,
            "virtual_network_name": "spokevnet1"
          },
          "sensitive_attributes": [],
          "identity_schema_version": 0,
          "private": "eyJlMmJmYjczMC1lY2FhLTExZTYtOGY4OC0zNDM2M2JjN2M0YzAiOnsiY3JlYXRlIjoxODAwMDAwMDAwMDAwLCJkZWxldGUiOjE4MDAwMDAwMDAwMDAsInJlYWQiOjMwMDAwMDAwMDAwMCwidXBkYXRlIjoxODAwMDAwMDAwMDAwfX0=",
          "dependencies": [
            "module.resource_group.azurerm_resource_group.rg",
            "module.virtual_network.azurerm_virtual_network.vnet"
          ]
        },
        {
          "index_key": "frontendsubnet",
          "schema_version": 0,
          "attributes": {
            "address_prefixes": [
              "10.1.1.0/24"
            ],
            "default_outbound_access_enabled": true,
            "delegation": [],
            "id": "/subscriptions/a60bfb4b-160f-44e7-979b-775bdd787c90/resourceGroups/hub-and-spoke-rg/providers/Microsoft.Network/virtualNetworks/spokevnet1/subnets/frontendsubnet",
            "name": "frontendsubnet",
            "private_endpoint_network_policies": "Disabled",
            "private_link_service_network_policies_enabled": true,
            "resource_group_name": "hub-and-spoke-rg",
            "service_endpoint_policy_ids": null,
            "service_endpoints": null,
            "timeouts": null,
            "virtual_network_name": "spokevnet1"
          },
          "sensitive_attributes": [],
          "identity_schema_version": 0,
          "private": "eyJlMmJmYjczMC1lY2FhLTExZTYtOGY4OC0zNDM2M2JjN2M0YzAiOnsiY3JlYXRlIjoxODAwMDAwMDAwMDAwLCJkZWxldGUiOjE4MDAwMDAwMDAwMDAsInJlYWQiOjMwMDAwMDAwMDAwMCwidXBkYXRlIjoxODAwMDAwMDAwMDAwfX0=",
          "dependencies": [
            "module.resource_group.azurerm_resource_group.rg",
            "module.virtual_network.azurerm_virtual_network.vnet"
          ]
        },
        {
          "index_key": "subnet1",
          "schema_version": 0,
          "attributes": {
            "address_prefixes": [
              "10.0.0.0/26"
            ],
            "default_outbound_access_enabled": true,
            "delegation": [],
            "id": "/subscriptions/a60bfb4b-160f-44e7-979b-775bdd787c90/resourceGroups/hub-and-spoke-rg/providers/Microsoft.Network/virtualNetworks/HubVnet/subnets/AzureFirewallSubnet",
            "name": "AzureFirewallSubnet",
            "private_endpoint_network_policies": "Disabled",
            "private_link_service_network_policies_enabled": true,
            "resource_group_name": "hub-and-spoke-rg",
            "service_endpoint_policy_ids": null,
            "service_endpoints": null,
            "timeouts": null,
            "virtual_network_name": "HubVnet"
          },
          "sensitive_attributes": [],
          "identity_schema_version": 0,
          "private": "eyJlMmJmYjczMC1lY2FhLTExZTYtOGY4OC0zNDM2M2JjN2M0YzAiOnsiY3JlYXRlIjoxODAwMDAwMDAwMDAwLCJkZWxldGUiOjE4MDAwMDAwMDAwMDAsInJlYWQiOjMwMDAwMDAwMDAwMCwidXBkYXRlIjoxODAwMDAwMDAwMDAwfX0=",
          "dependencies": [
            "module.resource_group.azurerm_resource_group.rg",
            "module.virtual_network.azurerm_virtual_network.vnet"
          ]
        }
      ]
    },
    {
      "module": "module.virtual_machine",
      "mode": "data",
      "type": "azurerm_client_config",
      "name": "current",
      "provider": "provider[\"registry.terraform.io/hashicorp/azurerm\"]",
      "instances": [
        {
          "schema_version": 0,
          "attributes": {
            "client_id": "04b07795-8ddb-461a-bbee-02f9e1bf7b46",
            "id": "Y2xpZW50Q29uZmlncy9jbGllbnRJZD0wNGIwNzc5NS04ZGRiLTQ2MWEtYmJlZS0wMmY5ZTFiZjdiNDY7b2JqZWN0SWQ9MDVjMDk1ZTAtZTA5Mi00Y2EzLTk2Y2YtYTVkMzQ3MzZkMDJkO3N1YnNjcmlwdGlvbklkPWE2MGJmYjRiLTE2MGYtNDRlNy05NzliLTc3NWJkZDc4N2M5MDt0ZW5hbnRJZD1jZjk1YTAyMi1mNzYwLTRjODEtYjUyNy1iOGQ4YTljYWRkYzI=",
            "object_id": "05c095e0-e092-4ca3-96cf-a5d34736d02d",
            "subscription_id": "a60bfb4b-160f-44e7-979b-775bdd787c90",
            "tenant_id": "cf95a022-f760-4c81-b527-b8d8a9caddc2",
            "timeouts": null
          },
          "sensitive_attributes": [],
          "identity_schema_version": 0
        }
      ]
    },
    {
      "module": "module.virtual_machine",
      "mode": "data",
      "type": "azurerm_network_interface",
      "name": "nic",
      "provider": "provider[\"registry.terraform.io/hashicorp/azurerm\"]",
      "instances": [
        {
          "index_key": "vm1",
          "schema_version": 0,
          "attributes": {
            "accelerated_networking_enabled": false,
            "applied_dns_servers": [],
            "dns_servers": [],
            "id": "/subscriptions/a60bfb4b-160f-44e7-979b-775bdd787c90/resourceGroups/hub-and-spoke-rg/providers/Microsoft.Network/networkInterfaces/frontnic",
            "internal_dns_name_label": "",
            "ip_configuration": [
              {
                "application_gateway_backend_address_pools_ids": [],
                "application_security_group_ids": [],
                "gateway_load_balancer_frontend_ip_configuration_id": "",
                "load_balancer_backend_address_pools_ids": [],
                "load_balancer_inbound_nat_rules_ids": [],
                "name": "internal",
                "primary": true,
                "private_ip_address": "10.1.1.4",
                "private_ip_address_allocation": "Dynamic",
                "private_ip_address_version": "IPv4",
                "public_ip_address_id": "",
                "subnet_id": "/subscriptions/a60bfb4b-160f-44e7-979b-775bdd787c90/resourceGroups/hub-and-spoke-rg/providers/Microsoft.Network/virtualNetworks/spokevnet1/subnets/frontendsubnet"
              }
            ],
            "ip_forwarding_enabled": false,
            "location": "eastus",
            "mac_address": "",
            "name": "frontnic",
            "network_security_group_id": "",
            "private_ip_address": "10.1.1.4",
            "private_ip_addresses": [
              "10.1.1.4"
            ],
            "resource_group_name": "hub-and-spoke-rg",
            "tags": {
              "environment": "dev",
              "owner": "mehar"
            },
            "timeouts": null,
            "virtual_machine_id": ""
          },
          "sensitive_attributes": [],
          "identity_schema_version": 0
        },
        {
          "index_key": "vm2",
          "schema_version": 0,
          "attributes": {
            "accelerated_networking_enabled": false,
            "applied_dns_servers": [],
            "dns_servers": [],
            "id": "/subscriptions/a60bfb4b-160f-44e7-979b-775bdd787c90/resourceGroups/hub-and-spoke-rg/providers/Microsoft.Network/networkInterfaces/backendnic",
            "internal_dns_name_label": "",
            "ip_configuration": [
              {
                "application_gateway_backend_address_pools_ids": [],
                "application_security_group_ids": [],
                "gateway_load_balancer_frontend_ip_configuration_id": "",
                "load_balancer_backend_address_pools_ids": [],
                "load_balancer_inbound_nat_rules_ids": [],
                "name": "internal",
                "primary": true,
                "private_ip_address": "10.1.2.4",
                "private_ip_address_allocation": "Dynamic",
                "private_ip_address_version": "IPv4",
                "public_ip_address_id": "",
                "subnet_id": "/subscriptions/a60bfb4b-160f-44e7-979b-775bdd787c90/resourceGroups/hub-and-spoke-rg/providers/Microsoft.Network/virtualNetworks/spokevnet1/subnets/backendsubnet"
              }
            ],
            "ip_forwarding_enabled": false,
            "location": "eastus",
            "mac_address": "",
            "name": "backendnic",
            "network_security_group_id": "",
            "private_ip_address": "10.1.2.4",
            "private_ip_addresses": [
              "10.1.2.4"
            ],
            "resource_group_name": "hub-and-spoke-rg",
            "tags": {},
            "timeouts": null,
            "virtual_machine_id": ""
          },
          "sensitive_attributes": [],
          "identity_schema_version": 0
        }
      ]
    },
    {
      "module": "module.virtual_machine",
      "mode": "managed",
      "type": "azurerm_linux_virtual_machine",
      "name": "vm",
      "provider": "provider[\"registry.terraform.io/hashicorp/azurerm\"]",
      "instances": [
        {
          "index_key": "vm1",
          "schema_version": 0,
          "attributes": {
            "additional_capabilities": [],
            "admin_password": "Useradmin@1234",
            "admin_ssh_key": [],
            "admin_username": "Useradmin",
            "allow_extension_operations": true,
            "availability_set_id": "",
            "boot_diagnostics": [],
            "bypass_platform_safety_checks_on_user_schedule_enabled": false,
            "capacity_reservation_group_id": "",
            "computer_name": "mehar-linux-vm1",
            "custom_data": null,
            "dedicated_host_group_id": "",
            "dedicated_host_id": "",
            "disable_password_authentication": false,
            "disk_controller_type": "SCSI",
            "edge_zone": "",
            "encryption_at_host_enabled": false,
            "eviction_policy": "",
            "extensions_time_budget": "PT1H30M",
            "gallery_application": [],
            "id": "/subscriptions/a60bfb4b-160f-44e7-979b-775bdd787c90/resourceGroups/hub-and-spoke-rg/providers/Microsoft.Compute/virtualMachines/mehar-linux-vm1",
            "identity": [],
            "license_type": "",
            "location": "eastus",
            "max_bid_price": -1,
            "name": "mehar-linux-vm1",
            "network_interface_ids": [
              "/subscriptions/a60bfb4b-160f-44e7-979b-775bdd787c90/resourceGroups/hub-and-spoke-rg/providers/Microsoft.Network/networkInterfaces/frontnic"
            ],
            "os_disk": [
              {
                "caching": "ReadWrite",
                "diff_disk_settings": [],
                "disk_encryption_set_id": "",
                "disk_size_gb": 30,
                "id": "/subscriptions/a60bfb4b-160f-44e7-979b-775bdd787c90/resourceGroups/hub-and-spoke-rg/providers/Microsoft.Compute/disks/mehar-linux-vm1_OsDisk_1_1da94d27192b447f9902b23f0fb09dea",
                "name": "mehar-linux-vm1_OsDisk_1_1da94d27192b447f9902b23f0fb09dea",
                "secure_vm_disk_encryption_set_id": "",
                "security_encryption_type": "",
                "storage_account_type": "Standard_LRS",
                "write_accelerator_enabled": false
              }
            ],
            "os_image_notification": [],
            "patch_assessment_mode": "ImageDefault",
            "patch_mode": "ImageDefault",
            "plan": [],
            "platform_fault_domain": -1,
            "priority": "Regular",
            "private_ip_address": "10.1.1.4",
            "private_ip_addresses": [
              "10.1.1.4"
            ],
            "provision_vm_agent": true,
            "proximity_placement_group_id": "",
            "public_ip_address": "",
            "public_ip_addresses": [],
            "reboot_setting": "",
            "resource_group_name": "hub-and-spoke-rg",
            "secret": [],
            "secure_boot_enabled": false,
            "size": "Standard_DC1ds_v3",
            "source_image_id": "",
            "source_image_reference": [
              {
                "offer": "0001-com-ubuntu-server-jammy",
                "publisher": "Canonical",
                "sku": "22_04-lts-gen2",
                "version": "latest"
              }
            ],
            "tags": null,
            "termination_notification": null,
            "timeouts": null,
            "user_data": "",
            "virtual_machine_id": "8500a7fb-f63e-452e-9015-555863e905b6",
            "virtual_machine_scale_set_id": "",
            "vm_agent_platform_updates_enabled": false,
            "vtpm_enabled": false,
            "zone": ""
          },
          "sensitive_attributes": [
            [
              {
                "type": "get_attr",
                "value": "admin_password"
              }
            ],
            [
              {
                "type": "get_attr",
                "value": "custom_data"
              }
            ]
          ],
          "identity_schema_version": 0,
          "private": "eyJlMmJmYjczMC1lY2FhLTExZTYtOGY4OC0zNDM2M2JjN2M0YzAiOnsiY3JlYXRlIjoyNzAwMDAwMDAwMDAwLCJkZWxldGUiOjI3MDAwMDAwMDAwMDAsInJlYWQiOjMwMDAwMDAwMDAwMCwidXBkYXRlIjoyNzAwMDAwMDAwMDAwfX0=",
          "dependencies": [
            "module.network_interface.azurerm_network_interface.nic",
            "module.network_interface.data.azurerm_subnet.subnet",
            "module.resource_group.azurerm_resource_group.rg",
            "module.subnet.azurerm_subnet.subnet",
            "module.virtual_machine.data.azurerm_network_interface.nic",
            "module.virtual_network.azurerm_virtual_network.vnet"
          ]
        },
        {
          "index_key": "vm2",
          "schema_version": 0,
          "attributes": {
            "additional_capabilities": [],
            "admin_password": "Useradmin@1234",
            "admin_ssh_key": [],
            "admin_username": "Useradmin",
            "allow_extension_operations": true,
            "availability_set_id": "",
            "boot_diagnostics": [],
            "bypass_platform_safety_checks_on_user_schedule_enabled": false,
            "capacity_reservation_group_id": "",
            "computer_name": "mehar-linux-vm2",
            "custom_data": null,
            "dedicated_host_group_id": "",
            "dedicated_host_id": "",
            "disable_password_authentication": false,
            "disk_controller_type": "SCSI",
            "edge_zone": "",
            "encryption_at_host_enabled": false,
            "eviction_policy": "",
            "extensions_time_budget": "PT1H30M",
            "gallery_application": [],
            "id": "/subscriptions/a60bfb4b-160f-44e7-979b-775bdd787c90/resourceGroups/hub-and-spoke-rg/providers/Microsoft.Compute/virtualMachines/mehar-linux-vm2",
            "identity": [],
            "license_type": "",
            "location": "eastus",
            "max_bid_price": -1,
            "name": "mehar-linux-vm2",
            "network_interface_ids": [
              "/subscriptions/a60bfb4b-160f-44e7-979b-775bdd787c90/resourceGroups/hub-and-spoke-rg/providers/Microsoft.Network/networkInterfaces/backendnic"
            ],
            "os_disk": [
              {
                "caching": "ReadWrite",
                "diff_disk_settings": [],
                "disk_encryption_set_id": "",
                "disk_size_gb": 30,
                "id": "/subscriptions/a60bfb4b-160f-44e7-979b-775bdd787c90/resourceGroups/hub-and-spoke-rg/providers/Microsoft.Compute/disks/mehar-linux-vm2_OsDisk_1_0a603c9a40f54352a9bbef1935f36396",
                "name": "mehar-linux-vm2_OsDisk_1_0a603c9a40f54352a9bbef1935f36396",
                "secure_vm_disk_encryption_set_id": "",
                "security_encryption_type": "",
                "storage_account_type": "Standard_LRS",
                "write_accelerator_enabled": false
              }
            ],
            "os_image_notification": [],
            "patch_assessment_mode": "ImageDefault",
            "patch_mode": "ImageDefault",
            "plan": [],
            "platform_fault_domain": -1,
            "priority": "Regular",
            "private_ip_address": "10.1.2.4",
            "private_ip_addresses": [
              "10.1.2.4"
            ],
            "provision_vm_agent": true,
            "proximity_placement_group_id": "",
            "public_ip_address": "",
            "public_ip_addresses": [],
            "reboot_setting": "",
            "resource_group_name": "hub-and-spoke-rg",
            "secret": [],
            "secure_boot_enabled": false,
            "size": "Standard_DC1ds_v3",
            "source_image_id": "",
            "source_image_reference": [
              {
                "offer": "0001-com-ubuntu-server-jammy",
                "publisher": "Canonical",
                "sku": "22_04-lts-gen2",
                "version": "latest"
              }
            ],
            "tags": null,
            "termination_notification": null,
            "timeouts": null,
            "user_data": "",
            "virtual_machine_id": "18fc7f69-bc78-4b19-84d0-3ff3525c9e10",
            "virtual_machine_scale_set_id": "",
            "vm_agent_platform_updates_enabled": false,
            "vtpm_enabled": false,
            "zone": ""
          },
          "sensitive_attributes": [
            [
              {
                "type": "get_attr",
                "value": "admin_password"
              }
            ],
            [
              {
                "type": "get_attr",
                "value": "custom_data"
              }
            ]
          ],
          "identity_schema_version": 0,
          "private": "eyJlMmJmYjczMC1lY2FhLTExZTYtOGY4OC0zNDM2M2JjN2M0YzAiOnsiY3JlYXRlIjoyNzAwMDAwMDAwMDAwLCJkZWxldGUiOjI3MDAwMDAwMDAwMDAsInJlYWQiOjMwMDAwMDAwMDAwMCwidXBkYXRlIjoyNzAwMDAwMDAwMDAwfX0=",
          "dependencies": [
            "module.network_interface.azurerm_network_interface.nic",
            "module.network_interface.data.azurerm_subnet.subnet",
            "module.resource_group.azurerm_resource_group.rg",
            "module.subnet.azurerm_subnet.subnet",
            "module.virtual_machine.data.azurerm_network_interface.nic",
            "module.virtual_network.azurerm_virtual_network.vnet"
          ]
        }
      ]
    },
    {
      "module": "module.virtual_network",
      "mode": "managed",
      "type": "azurerm_virtual_network",
      "name": "vnet",
      "provider": "provider[\"registry.terraform.io/hashicorp/azurerm\"]",
      "instances": [
        {
          "index_key": "Hubvnet",
          "schema_version": 0,
          "attributes": {
            "address_space": [
              "10.0.0.0/16"
            ],
            "bgp_community": "",
            "ddos_protection_plan": [],
            "dns_servers": [],
            "edge_zone": "",
            "encryption": [],
            "flow_timeout_in_minutes": 0,
            "guid": "f8e4ff8c-bf13-40ab-8a42-598fef8f1668",
            "id": "/subscriptions/a60bfb4b-160f-44e7-979b-775bdd787c90/resourceGroups/hub-and-spoke-rg/providers/Microsoft.Network/virtualNetworks/HubVnet",
            "ip_address_pool": [],
            "location": "eastus",
            "name": "HubVnet",
            "private_endpoint_vnet_policies": "Disabled",
            "resource_group_name": "hub-and-spoke-rg",
            "subnet": [],
            "tags": null,
            "timeouts": null
          },
          "sensitive_attributes": [],
          "identity_schema_version": 0,
          "private": "eyJlMmJmYjczMC1lY2FhLTExZTYtOGY4OC0zNDM2M2JjN2M0YzAiOnsiY3JlYXRlIjoxODAwMDAwMDAwMDAwLCJkZWxldGUiOjE4MDAwMDAwMDAwMDAsInJlYWQiOjMwMDAwMDAwMDAwMCwidXBkYXRlIjoxODAwMDAwMDAwMDAwfX0=",
          "dependencies": [
            "module.resource_group.azurerm_resource_group.rg"
          ]
        },
        {
          "index_key": "spoke1vnet",
          "schema_version": 0,
          "attributes": {
            "address_space": [
              "10.1.0.0/16"
            ],
            "bgp_community": "",
            "ddos_protection_plan": [],
            "dns_servers": [],
            "edge_zone": "",
            "encryption": [],
            "flow_timeout_in_minutes": 0,
            "guid": "23b77490-1acf-42a2-9f0b-b5f9b735e5ca",
            "id": "/subscriptions/a60bfb4b-160f-44e7-979b-775bdd787c90/resourceGroups/hub-and-spoke-rg/providers/Microsoft.Network/virtualNetworks/spokevnet1",
            "ip_address_pool": [],
            "location": "eastus",
            "name": "spokevnet1",
            "private_endpoint_vnet_policies": "Disabled",
            "resource_group_name": "hub-and-spoke-rg",
            "subnet": [],
            "tags": null,
            "timeouts": null
          },
          "sensitive_attributes": [],
          "identity_schema_version": 0,
          "private": "eyJlMmJmYjczMC1lY2FhLTExZTYtOGY4OC0zNDM2M2JjN2M0YzAiOnsiY3JlYXRlIjoxODAwMDAwMDAwMDAwLCJkZWxldGUiOjE4MDAwMDAwMDAwMDAsInJlYWQiOjMwMDAwMDAwMDAwMCwidXBkYXRlIjoxODAwMDAwMDAwMDAwfX0=",
          "dependencies": [
            "module.resource_group.azurerm_resource_group.rg"
          ]
        }
      ]
    },
    {
      "module": "module.vnet_peering",
      "mode": "managed",
      "type": "azurerm_virtual_network_peering",
      "name": "peering",
      "provider": "provider[\"registry.terraform.io/hashicorp/azurerm\"]",
      "instances": [
        {
          "index_key": "hub_to_spoke1",
          "schema_version": 0,
          "attributes": {
            "allow_forwarded_traffic": true,
            "allow_gateway_transit": false,
            "allow_virtual_network_access": true,
            "id": "/subscriptions/a60bfb4b-160f-44e7-979b-775bdd787c90/resourceGroups/hub-and-spoke-rg/providers/Microsoft.Network/virtualNetworks/HubVnet/virtualNetworkPeerings/HubVnet-to-spokevnet1",
            "local_subnet_names": null,
            "name": "HubVnet-to-spokevnet1",
            "only_ipv6_peering_enabled": false,
            "peer_complete_virtual_networks_enabled": true,
            "remote_subnet_names": null,
            "remote_virtual_network_id": "/subscriptions/a60bfb4b-160f-44e7-979b-775bdd787c90/resourceGroups/hub-and-spoke-rg/providers/Microsoft.Network/virtualNetworks/spokevnet1",
            "resource_group_name": "hub-and-spoke-rg",
            "timeouts": null,
            "triggers": null,
            "use_remote_gateways": false,
            "virtual_network_name": "HubVnet"
          },
          "sensitive_attributes": [],
          "identity_schema_version": 0,
          "private": "eyJlMmJmYjczMC1lY2FhLTExZTYtOGY4OC0zNDM2M2JjN2M0YzAiOnsiY3JlYXRlIjoxODAwMDAwMDAwMDAwLCJkZWxldGUiOjE4MDAwMDAwMDAwMDAsInJlYWQiOjMwMDAwMDAwMDAwMCwidXBkYXRlIjoxODAwMDAwMDAwMDAwfX0=",
          "dependencies": [
            "module.resource_group.azurerm_resource_group.rg",
            "module.virtual_network.azurerm_virtual_network.vnet"
          ]
        },
        {
          "index_key": "spoke1_to_hub",
          "schema_version": 0,
          "attributes": {
            "allow_forwarded_traffic": true,
            "allow_gateway_transit": false,
            "allow_virtual_network_access": true,
            "id": "/subscriptions/a60bfb4b-160f-44e7-979b-775bdd787c90/resourceGroups/hub-and-spoke-rg/providers/Microsoft.Network/virtualNetworks/spokevnet1/virtualNetworkPeerings/spokevnet1-to-HubVnet",
            "local_subnet_names": null,
            "name": "spokevnet1-to-HubVnet",
            "only_ipv6_peering_enabled": false,
            "peer_complete_virtual_networks_enabled": true,
            "remote_subnet_names": null,
            "remote_virtual_network_id": "/subscriptions/a60bfb4b-160f-44e7-979b-775bdd787c90/resourceGroups/hub-and-spoke-rg/providers/Microsoft.Network/virtualNetworks/HubVnet",
            "resource_group_name": "hub-and-spoke-rg",
            "timeouts": null,
            "triggers": null,
            "use_remote_gateways": false,
            "virtual_network_name": "spokevnet1"
          },
          "sensitive_attributes": [],
          "identity_schema_version": 0,
          "private": "eyJlMmJmYjczMC1lY2FhLTExZTYtOGY4OC0zNDM2M2JjN2M0YzAiOnsiY3JlYXRlIjoxODAwMDAwMDAwMDAwLCJkZWxldGUiOjE4MDAwMDAwMDAwMDAsInJlYWQiOjMwMDAwMDAwMDAwMCwidXBkYXRlIjoxODAwMDAwMDAwMDAwfX0=",
          "dependencies": [
            "module.resource_group.azurerm_resource_group.rg",
            "module.virtual_network.azurerm_virtual_network.vnet"
          ]
        }
      ]
    }
  ],
  "check_results": null
}
